
Microsoft Visual Studio Solution File, Format Version 12.00
# Visual Studio Version 17
VisualStudioVersion = 17.10.35013.160
MinimumVisualStudioVersion = 10.0.40219.1
Project("{FAE04EC0-301F-11D3-BF4B-00C04F79EFBC}") = "GridGame", "GridGame\GridGame.csproj", "{1BCDAF2A-1C7D-485F-AC3D-FB3880E5066B}"
EndProject
Project("{FAE04EC0-301F-11D3-BF4B-00C04F79EFBC}") = "GridGame.UnitTest", "GridGame.UnitTest\GridGame.UnitTest.csproj", "{F8D33B42-768C-4523-AE81-10CEA9B07C46}"
EndProject
Global
	GlobalSection(SolutionConfigurationPlatforms) = preSolution
		Debug|Any CPU = Debug|Any CPU
		Release|Any CPU = Release|Any CPU
	EndGlobalSection
	GlobalSection(ProjectConfigurationPlatforms) = postSolution
		{1BCDAF2A-1C7D-485F-AC3D-FB3880E5066B}.Debug|Any CPU.ActiveCfg = Debug|Any CPU
		{1BCDAF2A-1C7D-485F-AC3D-FB3880E5066B}.Debug|Any CPU.Build.0 = Debug|Any CPU
		{1BCDAF2A-1C7D-485F-AC3D-FB3880E5066B}.Release|Any CPU.ActiveCfg = Release|Any CPU
		{1BCDAF2A-1C7D-485F-AC3D-FB3880E5066B}.Release|Any CPU.Build.0 = Release|Any CPU
		{F8D33B42-768C-4523-AE81-10CEA9B07C46}.Debug|Any CPU.ActiveCfg = Debug|Any CPU
		{F8D33B42-768C-4523-AE81-10CEA9B07C46}.Debug|Any CPU.Build.0 = Debug|Any CPU
		{F8D33B42-768C-4523-AE81-10CEA9B07C46}.Release|Any CPU.ActiveCfg = Release|Any CPU
		{F8D33B42-768C-4523-AE81-10CEA9B07C46}.Release|Any CPU.Build.0 = Release|Any CPU
	EndGlobalSection
	GlobalSection(SolutionProperties) = preSolution
		HideSolutionNode = FALSE
	EndGlobalSection
	GlobalSection(ExtensibilityGlobals) = postSolution
		SolutionGuid = {0421914F-49C0-43A1-9AD0-CD82F7D09328}
	EndGlobalSection
EndGlobal
